
Microsoft Visual Studio Solution File, Format Version 12.00
# Visual Studio 15
VisualStudioVersion = 15.0.28307.421
MinimumVisualStudioVersion = 10.0.40219.1
Project("{8BC9CEB8-8B4A-11D0-8D11-00A0C91BC942}") = "GAME3001_Pandya_Hiren_Proj_M3", "GAME3001_Pandya_Hiren_Proj_M3\GAME3001_Pandya_Hiren_Proj_M3.vcxproj", "{E017C6F1-6EFA-43F1-8F40-D651DCC92DEC}"
EndProject
Global
	GlobalSection(SolutionConfigurationPlatforms) = preSolution
		Debug|x64 = Debug|x64
		Debug|x86 = Debug|x86
		Release|x64 = Release|x64
		Release|x86 = Release|x86
	EndGlobalSection
	GlobalSection(ProjectConfigurationPlatforms) = postSolution
		{E017C6F1-6EFA-43F1-8F40-D651DCC92DEC}.Debug|x64.ActiveCfg = Debug|x64
		{E017C6F1-6EFA-43F1-8F40-D651DCC92DEC}.Debug|x64.Build.0 = Debug|x64
		{E017C6F1-6EFA-43F1-8F40-D651DCC92DEC}.Debug|x86.ActiveCfg = Debug|Win32
		{E017C6F1-6EFA-43F1-8F40-D651DCC92DEC}.Debug|x86.Build.0 = Debug|Win32
		{E017C6F1-6EFA-43F1-8F40-D651DCC92DEC}.Release|x64.ActiveCfg = Release|x64
		{E017C6F1-6EFA-43F1-8F40-D651DCC92DEC}.Release|x64.Build.0 = Release|x64
		{E017C6F1-6EFA-43F1-8F40-D651DCC92DEC}.Release|x86.ActiveCfg = Release|Win32
		{E017C6F1-6EFA-43F1-8F40-D651DCC92DEC}.Release|x86.Build.0 = Release|Win32
	EndGlobalSection
	GlobalSection(SolutionProperties) = preSolution
		HideSolutionNode = FALSE
	EndGlobalSection
	GlobalSection(ExtensibilityGlobals) = postSolution
		SolutionGuid = {5518397E-27E9-473D-8479-65F0E3A7CE1B}
	EndGlobalSection
EndGlobal
